{
  "name": "project2-graphql",
  "version": "1.0.0",
  "lockfileVersion": 2,
  "requires": true,
  "packages": {
    "": {
      "name": "project2-graphql",
      "version": "1.0.0",
      "license": "ISC",
      "dependencies": {
        "lil-gui": "^0.16.1",
        "three": "^0.139.2"
      }
    },
    "node_modules/lil-gui": {
      "version": "0.16.1",
      "resolved": "https://registry.npmjs.org/lil-gui/-/lil-gui-0.16.1.tgz",
      "integrity": "sha512-6wnnfBvQxJYRhdLyIA+w5b8utwbuVxNmtpTXElm36OSgHa8lyKp00Xz/4AEx3kvodT0AJYgbfadCFWAM0Q8DgQ=="
    },
    "node_modules/three": {
      "version": "0.139.2",
      "resolved": "https://registry.npmjs.org/three/-/three-0.139.2.tgz",
      "integrity": "sha512-gV7q7QY8rogu7HLFZR9cWnOQAUedUhu2WXAnpr2kdXZP9YDKsG/0ychwQvWkZN5PlNw9mv5MoCTin6zNTXoONg=="
    }
  },
  "dependencies": {
    "lil-gui": {
      "version": "0.16.1",
      "resolved": "https://registry.npmjs.org/lil-gui/-/lil-gui-0.16.1.tgz",
      "integrity": "sha512-6wnnfBvQxJYRhdLyIA+w5b8utwbuVxNmtpTXElm36OSgHa8lyKp00Xz/4AEx3kvodT0AJYgbfadCFWAM0Q8DgQ=="
    },
    "three": {
      "version": "0.139.2",
      "resolved": "https://registry.npmjs.org/three/-/three-0.139.2.tgz",
      "integrity": "sha512-gV7q7QY8rogu7HLFZR9cWnOQAUedUhu2WXAnpr2kdXZP9YDKsG/0ychwQvWkZN5PlNw9mv5MoCTin6zNTXoONg=="
    }
  }
}
